
Microsoft Visual Studio Solution File, Format Version 12.00
# Visual Studio 14
VisualStudioVersion = 14.0.25420.1
MinimumVisualStudioVersion = 10.0.40219.1
Project("{FAE04EC0-301F-11D3-BF4B-00C04F79EFBC}") = "CommonUtil", "Util\CommonUtil\CommonUtil.csproj", "{C79A21BF-E869-4B93-A787-67B1D4231C02}"
EndProject
Project("{FAE04EC0-301F-11D3-BF4B-00C04F79EFBC}") = "LogUtil", "Util\LogUtil\LogUtil.csproj", "{56BBFA4A-2DE0-46C5-87D7-6E6F14D81916}"
EndProject
Global
	GlobalSection(SolutionConfigurationPlatforms) = preSolution
		Debug|Any CPU = Debug|Any CPU
		Debug|x64 = Debug|x64
		Debug|x86 = Debug|x86
		Release|Any CPU = Release|Any CPU
		Release|x64 = Release|x64
		Release|x86 = Release|x86
	EndGlobalSection
	GlobalSection(ProjectConfigurationPlatforms) = postSolution
		{C79A21BF-E869-4B93-A787-67B1D4231C02}.Debug|Any CPU.ActiveCfg = Debug|Any CPU
		{C79A21BF-E869-4B93-A787-67B1D4231C02}.Debug|Any CPU.Build.0 = Debug|Any CPU
		{C79A21BF-E869-4B93-A787-67B1D4231C02}.Debug|x64.ActiveCfg = Debug|x64
		{C79A21BF-E869-4B93-A787-67B1D4231C02}.Debug|x64.Build.0 = Debug|x64
		{C79A21BF-E869-4B93-A787-67B1D4231C02}.Debug|x86.ActiveCfg = Debug|x86
		{C79A21BF-E869-4B93-A787-67B1D4231C02}.Debug|x86.Build.0 = Debug|x86
		{C79A21BF-E869-4B93-A787-67B1D4231C02}.Release|Any CPU.ActiveCfg = Release|Any CPU
		{C79A21BF-E869-4B93-A787-67B1D4231C02}.Release|Any CPU.Build.0 = Release|Any CPU
		{C79A21BF-E869-4B93-A787-67B1D4231C02}.Release|x64.ActiveCfg = Release|x64
		{C79A21BF-E869-4B93-A787-67B1D4231C02}.Release|x64.Build.0 = Release|x64
		{C79A21BF-E869-4B93-A787-67B1D4231C02}.Release|x86.ActiveCfg = Release|x86
		{C79A21BF-E869-4B93-A787-67B1D4231C02}.Release|x86.Build.0 = Release|x86
		{56BBFA4A-2DE0-46C5-87D7-6E6F14D81916}.Debug|Any CPU.ActiveCfg = Debug|Any CPU
		{56BBFA4A-2DE0-46C5-87D7-6E6F14D81916}.Debug|Any CPU.Build.0 = Debug|Any CPU
		{56BBFA4A-2DE0-46C5-87D7-6E6F14D81916}.Debug|x64.ActiveCfg = Debug|x64
		{56BBFA4A-2DE0-46C5-87D7-6E6F14D81916}.Debug|x64.Build.0 = Debug|x64
		{56BBFA4A-2DE0-46C5-87D7-6E6F14D81916}.Debug|x86.ActiveCfg = Debug|x86
		{56BBFA4A-2DE0-46C5-87D7-6E6F14D81916}.Debug|x86.Build.0 = Debug|x86
		{56BBFA4A-2DE0-46C5-87D7-6E6F14D81916}.Release|Any CPU.ActiveCfg = Release|Any CPU
		{56BBFA4A-2DE0-46C5-87D7-6E6F14D81916}.Release|Any CPU.Build.0 = Release|Any CPU
		{56BBFA4A-2DE0-46C5-87D7-6E6F14D81916}.Release|x64.ActiveCfg = Release|x64
		{56BBFA4A-2DE0-46C5-87D7-6E6F14D81916}.Release|x64.Build.0 = Release|x64
		{56BBFA4A-2DE0-46C5-87D7-6E6F14D81916}.Release|x86.ActiveCfg = Release|x86
		{56BBFA4A-2DE0-46C5-87D7-6E6F14D81916}.Release|x86.Build.0 = Release|x86
	EndGlobalSection
	GlobalSection(SolutionProperties) = preSolution
		HideSolutionNode = FALSE
	EndGlobalSection
EndGlobal
